
Microsoft Visual Studio Solution File, Format Version 12.00
# Visual Studio Version 17
VisualStudioVersion = 17.8.34316.72
MinimumVisualStudioVersion = 10.0.40219.1
Project("{FAE04EC0-301F-11D3-BF4B-00C04F79EFBC}") = "kakakakak", "kakakakak\kakakakak.csproj", "{E2BCC9B6-B535-42D1-AFA7-F53FB6CE3343}"
EndProject
Global
	GlobalSection(SolutionConfigurationPlatforms) = preSolution
		Debug|Any CPU = Debug|Any CPU
		Release|Any CPU = Release|Any CPU
	EndGlobalSection
	GlobalSection(ProjectConfigurationPlatforms) = postSolution
		{E2BCC9B6-B535-42D1-AFA7-F53FB6CE3343}.Debug|Any CPU.ActiveCfg = Debug|Any CPU
		{E2BCC9B6-B535-42D1-AFA7-F53FB6CE3343}.Debug|Any CPU.Build.0 = Debug|Any CPU
		{E2BCC9B6-B535-42D1-AFA7-F53FB6CE3343}.Release|Any CPU.ActiveCfg = Release|Any CPU
		{E2BCC9B6-B535-42D1-AFA7-F53FB6CE3343}.Release|Any CPU.Build.0 = Release|Any CPU
	EndGlobalSection
	GlobalSection(SolutionProperties) = preSolution
		HideSolutionNode = FALSE
	EndGlobalSection
	GlobalSection(ExtensibilityGlobals) = postSolution
		SolutionGuid = {E49B7FA3-0AB9-4A5E-817A-C8345E603783}
	EndGlobalSection
EndGlobal
